// !$*UTF8*$!
{
	archiveVersion = 1;
	classes = {
	};
	objectVersion = 56;
	objects = {

/* Begin PBXBuildFile section */
		1E2BC7832ABEEACF0071EC73 /* AppDelegate.swift in Sources */ = {isa = PBXBuildFile; fileRef = 1E2BC7822ABEEACF0071EC73 /* AppDelegate.swift */; };
		1E2BC7852ABEEACF0071EC73 /* ViewController.swift in Sources */ = {isa = PBXBuildFile; fileRef = 1E2BC7842ABEEACF0071EC73 /* ViewController.swift */; };
		1E2BC7872ABEEACF0071EC73 /* Experience.rcproject in Sources */ = {isa = PBXBuildFile; fileRef = 1E2BC7862ABEEACF0071EC73 /* Experience.rcproject */; };
		1E2BC78A2ABEEACF0071EC73 /* Main.storyboard in Resources */ = {isa = PBXBuildFile; fileRef = 1E2BC7882ABEEACF0071EC73 /* Main.storyboard */; };
		1E2BC78C2ABEEAD00071EC73 /* Assets.xcassets in Resources */ = {isa = PBXBuildFile; fileRef = 1E2BC78B2ABEEAD00071EC73 /* Assets.xcassets */; };
		1E2BC78F2ABEEAD00071EC73 /* LaunchScreen.storyboard in Resources */ = {isa = PBXBuildFile; fileRef = 1E2BC78D2ABEEAD00071EC73 /* LaunchScreen.storyboard */; };
		1E2BC7992ABEEAD00071EC73 /* transport_hackTests.swift in Sources */ = {isa = PBXBuildFile; fileRef = 1E2BC7982ABEEAD00071EC73 /* transport_hackTests.swift */; };
		1E2BC7A32ABEEAD00071EC73 /* transport_hackUITests.swift in Sources */ = {isa = PBXBuildFile; fileRef = 1E2BC7A22ABEEAD00071EC73 /* transport_hackUITests.swift */; };
		1E2BC7A52ABEEAD00071EC73 /* transport_hackUITestsLaunchTests.swift in Sources */ = {isa = PBXBuildFile; fileRef = 1E2BC7A42ABEEAD00071EC73 /* transport_hackUITestsLaunchTests.swift */; };
		1E8D64DC2ABFCA6600225CAD /* DetailsViewController.swift in Sources */ = {isa = PBXBuildFile; fileRef = 1E8D64DB2ABFCA6600225CAD /* DetailsViewController.swift */; };
		1E8D64DE2ABFCD1500225CAD /* PredictionCell.swift in Sources */ = {isa = PBXBuildFile; fileRef = 1E8D64DD2ABFCD1500225CAD /* PredictionCell.swift */; };
		1E8D64E02ABFF06900225CAD /* PredictionTableViewCell.swift in Sources */ = {isa = PBXBuildFile; fileRef = 1E8D64DF2ABFF06900225CAD /* PredictionTableViewCell.swift */; };
/* End PBXBuildFile section */

/* Begin PBXContainerItemProxy section */
		1E2BC7952ABEEAD00071EC73 /* PBXContainerItemProxy */ = {
			isa = PBXContainerItemProxy;
			containerPortal = 1E2BC7772ABEEACF0071EC73 /* Project object */;
			proxyType = 1;
			remoteGlobalIDString = 1E2BC77E2ABEEACF0071EC73;
			remoteInfo = "transport-hack";
		};
		1E2BC79F2ABEEAD00071EC73 /* PBXContainerItemProxy */ = {
			isa = PBXContainerItemProxy;
			containerPortal = 1E2BC7772ABEEACF0071EC73 /* Project object */;
			proxyType = 1;
			remoteGlobalIDString = 1E2BC77E2ABEEACF0071EC73;
			remoteInfo = "transport-hack";
		};
/* End PBXContainerItemProxy section */

/* Begin PBXFileReference section */
		1E2BC77F2ABEEACF0071EC73 /* transport-hack.app */ = {isa = PBXFileReference; explicitFileType = wrapper.application; includeInIndex = 0; path = "transport-hack.app"; sourceTree = BUILT_PRODUCTS_DIR; };
		1E2BC7822ABEEACF0071EC73 /* AppDelegate.swift */ = {isa = PBXFileReference; lastKnownFileType = sourcecode.swift; path = AppDelegate.swift; sourceTree = "<group>"; };
		1E2BC7842ABEEACF0071EC73 /* ViewController.swift */ = {isa = PBXFileReference; lastKnownFileType = sourcecode.swift; path = ViewController.swift; sourceTree = "<group>"; };
		1E2BC7862ABEEACF0071EC73 /* Experience.rcproject */ = {isa = PBXFileReference; lastKnownFileType = file.rcproject; path = Experience.rcproject; sourceTree = "<group>"; };
		1E2BC7892ABEEACF0071EC73 /* Base */ = {isa = PBXFileReference; lastKnownFileType = file.storyboard; name = Base; path = Base.lproj/Main.storyboard; sourceTree = "<group>"; };
		1E2BC78B2ABEEAD00071EC73 /* Assets.xcassets */ = {isa = PBXFileReference; lastKnownFileType = folder.assetcatalog; path = Assets.xcassets; sourceTree = "<group>"; };
		1E2BC78E2ABEEAD00071EC73 /* Base */ = {isa = PBXFileReference; lastKnownFileType = file.storyboard; name = Base; path = Base.lproj/LaunchScreen.storyboard; sourceTree = "<group>"; };
		1E2BC7942ABEEAD00071EC73 /* transport-hackTests.xctest */ = {isa = PBXFileReference; explicitFileType = wrapper.cfbundle; includeInIndex = 0; path = "transport-hackTests.xctest"; sourceTree = BUILT_PRODUCTS_DIR; };
		1E2BC7982ABEEAD00071EC73 /* transport_hackTests.swift */ = {isa = PBXFileReference; lastKnownFileType = sourcecode.swift; path = transport_hackTests.swift; sourceTree = "<group>"; };
		1E2BC79E2ABEEAD00071EC73 /* transport-hackUITests.xctest */ = {isa = PBXFileReference; explicitFileType = wrapper.cfbundle; includeInIndex = 0; path = "transport-hackUITests.xctest"; sourceTree = BUILT_PRODUCTS_DIR; };
		1E2BC7A22ABEEAD00071EC73 /* transport_hackUITests.swift */ = {isa = PBXFileReference; lastKnownFileType = sourcecode.swift; path = transport_hackUITests.swift; sourceTree = "<group>"; };
		1E2BC7A42ABEEAD00071EC73 /* transport_hackUITestsLaunchTests.swift */ = {isa = PBXFileReference; lastKnownFileType = sourcecode.swift; path = transport_hackUITestsLaunchTests.swift; sourceTree = "<group>"; };
		1E8D64DB2ABFCA6600225CAD /* DetailsViewController.swift */ = {isa = PBXFileReference; lastKnownFileType = sourcecode.swift; path = DetailsViewController.swift; sourceTree = "<group>"; };
		1E8D64DD2ABFCD1500225CAD /* PredictionCell.swift */ = {isa = PBXFileReference; lastKnownFileType = sourcecode.swift; path = PredictionCell.swift; sourceTree = "<group>"; };
		1E8D64DF2ABFF06900225CAD /* PredictionTableViewCell.swift */ = {isa = PBXFileReference; lastKnownFileType = sourcecode.swift; path = PredictionTableViewCell.swift; sourceTree = "<group>"; };
		1ED384232ABF93E000210199 /* Info.plist */ = {isa = PBXFileReference; lastKnownFileType = text.plist; path = Info.plist; sourceTree = "<group>"; };
/* End PBXFileReference section */

/* Begin PBXFrameworksBuildPhase section */
		1E2BC77C2ABEEACF0071EC73 /* Frameworks */ = {
			isa = PBXFrameworksBuildPhase;
			buildActionMask = 2147483647;
			files = (
			);
			runOnlyForDeploymentPostprocessing = 0;
		};
		1E2BC7912ABEEAD00071EC73 /* Frameworks */ = {
			isa = PBXFrameworksBuildPhase;
			buildActionMask = 2147483647;
			files = (
			);
			runOnlyForDeploymentPostprocessing = 0;
		};
		1E2BC79B2ABEEAD00071EC73 /* Frameworks */ = {
			isa = PBXFrameworksBuildPhase;
			buildActionMask = 2147483647;
			files = (
			);
			runOnlyForDeploymentPostprocessing = 0;
		};
/* End PBXFrameworksBuildPhase section */

/* Begin PBXGroup section */
		1E2BC7762ABEEACF0071EC73 = {
			isa = PBXGroup;
			children = (
				1E2BC7812ABEEACF0071EC73 /* transport-hack */,
				1E2BC7972ABEEAD00071EC73 /* transport-hackTests */,
				1E2BC7A12ABEEAD00071EC73 /* transport-hackUITests */,
				1E2BC7802ABEEACF0071EC73 /* Products */,
			);
			sourceTree = "<group>";
		};
		1E2BC7802ABEEACF0071EC73 /* Products */ = {
			isa = PBXGroup;
			children = (
				1E2BC77F2ABEEACF0071EC73 /* transport-hack.app */,
				1E2BC7942ABEEAD00071EC73 /* transport-hackTests.xctest */,
				1E2BC79E2ABEEAD00071EC73 /* transport-hackUITests.xctest */,
			);
			name = Products;
			sourceTree = "<group>";
		};
		1E2BC7812ABEEACF0071EC73 /* transport-hack */ = {
			isa = PBXGroup;
			children = (
				1ED384232ABF93E000210199 /* Info.plist */,
				1E2BC7822ABEEACF0071EC73 /* AppDelegate.swift */,
				1E2BC7842ABEEACF0071EC73 /* ViewController.swift */,
				1E2BC7862ABEEACF0071EC73 /* Experience.rcproject */,
				1E2BC7882ABEEACF0071EC73 /* Main.storyboard */,
				1E2BC78B2ABEEAD00071EC73 /* Assets.xcassets */,
				1E2BC78D2ABEEAD00071EC73 /* LaunchScreen.storyboard */,
				1E8D64DB2ABFCA6600225CAD /* DetailsViewController.swift */,
				1E8D64DD2ABFCD1500225CAD /* PredictionCell.swift */,
				1E8D64DF2ABFF06900225CAD /* PredictionTableViewCell.swift */,
			);
			path = "transport-hack";
			sourceTree = "<group>";
		};
		1E2BC7972ABEEAD00071EC73 /* transport-hackTests */ = {
			isa = PBXGroup;
			children = (
				1E2BC7982ABEEAD00071EC73 /* transport_hackTests.swift */,
			);
			path = "transport-hackTests";
			sourceTree = "<group>";
		};
		1E2BC7A12ABEEAD00071EC73 /* transport-hackUITests */ = {
			isa = PBXGroup;
			children = (
				1E2BC7A22ABEEAD00071EC73 /* transport_hackUITests.swift */,
				1E2BC7A42ABEEAD00071EC73 /* transport_hackUITestsLaunchTests.swift */,
			);
			path = "transport-hackUITests";
			sourceTree = "<group>";
		};
/* End PBXGroup section */

/* Begin PBXNativeTarget section */
		1E2BC77E2ABEEACF0071EC73 /* transport-hack */ = {
			isa = PBXNativeTarget;
			buildConfigurationList = 1E2BC7A82ABEEAD00071EC73 /* Build configuration list for PBXNativeTarget "transport-hack" */;
			buildPhases = (
				1E2BC77B2ABEEACF0071EC73 /* Sources */,
				1E2BC77C2ABEEACF0071EC73 /* Frameworks */,
				1E2BC77D2ABEEACF0071EC73 /* Resources */,
			);
			buildRules = (
			);
			dependencies = (
			);
			name = "transport-hack";
			productName = "transport-hack";
			productReference = 1E2BC77F2ABEEACF0071EC73 /* transport-hack.app */;
			productType = "com.apple.product-type.application";
		};
		1E2BC7932ABEEAD00071EC73 /* transport-hackTests */ = {
			isa = PBXNativeTarget;
			buildConfigurationList = 1E2BC7AB2ABEEAD00071EC73 /* Build configuration list for PBXNativeTarget "transport-hackTests" */;
			buildPhases = (
				1E2BC7902ABEEAD00071EC73 /* Sources */,
				1E2BC7912ABEEAD00071EC73 /* Frameworks */,
				1E2BC7922ABEEAD00071EC73 /* Resources */,
			);
			buildRules = (
			);
			dependencies = (
				1E2BC7962ABEEAD00071EC73 /* PBXTargetDependency */,
			);
			name = "transport-hackTests";
			productName = "transport-hackTests";
			productReference = 1E2BC7942ABEEAD00071EC73 /* transport-hackTests.xctest */;
			productType = "com.apple.product-type.bundle.unit-test";
		};
		1E2BC79D2ABEEAD00071EC73 /* transport-hackUITests */ = {
			isa = PBXNativeTarget;
			buildConfigurationList = 1E2BC7AE2ABEEAD00071EC73 /* Build configuration list for PBXNativeTarget "transport-hackUITests" */;
			buildPhases = (
				1E2BC79A2ABEEAD00071EC73 /* Sources */,
				1E2BC79B2ABEEAD00071EC73 /* Frameworks */,
				1E2BC79C2ABEEAD00071EC73 /* Resources */,
			);
			buildRules = (
			);
			dependencies = (
				1E2BC7A02ABEEAD00071EC73 /* PBXTargetDependency */,
			);
			name = "transport-hackUITests";
			productName = "transport-hackUITests";
			productReference = 1E2BC79E2ABEEAD00071EC73 /* transport-hackUITests.xctest */;
			productType = "com.apple.product-type.bundle.ui-testing";
		};
/* End PBXNativeTarget section */

/* Begin PBXProject section */
		1E2BC7772ABEEACF0071EC73 /* Project object */ = {
			isa = PBXProject;
			attributes = {
				BuildIndependentTargetsInParallel = 1;
				LastSwiftUpdateCheck = 1430;
				LastUpgradeCheck = 1430;
				TargetAttributes = {
					1E2BC77E2ABEEACF0071EC73 = {
						CreatedOnToolsVersion = 14.3.1;
					};
					1E2BC7932ABEEAD00071EC73 = {
						CreatedOnToolsVersion = 14.3.1;
						TestTargetID = 1E2BC77E2ABEEACF0071EC73;
					};
					1E2BC79D2ABEEAD00071EC73 = {
						CreatedOnToolsVersion = 14.3.1;
						TestTargetID = 1E2BC77E2ABEEACF0071EC73;
					};
				};
			};
			buildConfigurationList = 1E2BC77A2ABEEACF0071EC73 /* Build configuration list for PBXProject "transport-hack" */;
			compatibilityVersion = "Xcode 14.0";
			developmentRegion = en;
			hasScannedForEncodings = 0;
			knownRegions = (
				en,
				Base,
			);
			mainGroup = 1E2BC7762ABEEACF0071EC73;
			productRefGroup = 1E2BC7802ABEEACF0071EC73 /* Products */;
			projectDirPath = "";
			projectRoot = "";
			targets = (
				1E2BC77E2ABEEACF0071EC73 /* transport-hack */,
				1E2BC7932ABEEAD00071EC73 /* transport-hackTests */,
				1E2BC79D2ABEEAD00071EC73 /* transport-hackUITests */,
			);
		};
/* End PBXProject section */

/* Begin PBXResourcesBuildPhase section */
		1E2BC77D2ABEEACF0071EC73 /* Resources */ = {
			isa = PBXResourcesBuildPhase;
			buildActionMask = 2147483647;
			files = (
				1E2BC78F2ABEEAD00071EC73 /* LaunchScreen.storyboard in Resources */,
				1E2BC78C2ABEEAD00071EC73 /* Assets.xcassets in Resources */,
				1E2BC78A2ABEEACF0071EC73 /* Main.storyboard in Resources */,
			);
			runOnlyForDeploymentPostprocessing = 0;
		};
		1E2BC7922ABEEAD00071EC73 /* Resources */ = {
			isa = PBXResourcesBuildPhase;
			buildActionMask = 2147483647;
			files = (
			);
			runOnlyForDeploymentPostprocessing = 0;
		};
		1E2BC79C2ABEEAD00071EC73 /* Resources */ = {
			isa = PBXResourcesBuildPhase;
			buildActionMask = 2147483647;
			files = (
			);
			runOnlyForDeploymentPostprocessing = 0;
		};
/* End PBXResourcesBuildPhase section */

/* Begin PBXSourcesBuildPhase section */
		1E2BC77B2ABEEACF0071EC73 /* Sources */ = {
			isa = PBXSourcesBuildPhase;
			buildActionMask = 2147483647;
			files = (
				1E2BC7852ABEEACF0071EC73 /* ViewController.swift in Sources */,
				1E2BC7832ABEEACF0071EC73 /* AppDelegate.swift in Sources */,
				1E8D64E02ABFF06900225CAD /* PredictionTableViewCell.swift in Sources */,
				1E2BC7872ABEEACF0071EC73 /* Experience.rcproject in Sources */,
				1E8D64DE2ABFCD1500225CAD /* PredictionCell.swift in Sources */,
				1E8D64DC2ABFCA6600225CAD /* DetailsViewController.swift in Sources */,
			);
			runOnlyForDeploymentPostprocessing = 0;
		};
		1E2BC7902ABEEAD00071EC73 /* Sources */ = {
			isa = PBXSourcesBuildPhase;
			buildActionMask = 2147483647;
			files = (
				1E2BC7992ABEEAD00071EC73 /* transport_hackTests.swift in Sources */,
			);
			runOnlyForDeploymentPostprocessing = 0;
		};
		1E2BC79A2ABEEAD00071EC73 /* Sources */ = {
			isa = PBXSourcesBuildPhase;
			buildActionMask = 2147483647;
			files = (
				1E2BC7A32ABEEAD00071EC73 /* transport_hackUITests.swift in Sources */,
				1E2BC7A52ABEEAD00071EC73 /* transport_hackUITestsLaunchTests.swift in Sources */,
			);
			runOnlyForDeploymentPostprocessing = 0;
		};
/* End PBXSourcesBuildPhase section */

/* Begin PBXTargetDependency section */
		1E2BC7962ABEEAD00071EC73 /* PBXTargetDependency */ = {
			isa = PBXTargetDependency;
			target = 1E2BC77E2ABEEACF0071EC73 /* transport-hack */;
			targetProxy = 1E2BC7952ABEEAD00071EC73 /* PBXContainerItemProxy */;
		};
		1E2BC7A02ABEEAD00071EC73 /* PBXTargetDependency */ = {
			isa = PBXTargetDependency;
			target = 1E2BC77E2ABEEACF0071EC73 /* transport-hack */;
			targetProxy = 1E2BC79F2ABEEAD00071EC73 /* PBXContainerItemProxy */;
		};
/* End PBXTargetDependency section */

/* Begin PBXVariantGroup section */
		1E2BC7882ABEEACF0071EC73 /* Main.storyboard */ = {
			isa = PBXVariantGroup;
			children = (
				1E2BC7892ABEEACF0071EC73 /* Base */,
			);
			name = Main.storyboard;
			sourceTree = "<group>";
		};
		1E2BC78D2ABEEAD00071EC73 /* LaunchScreen.storyboard */ = {
			isa = PBXVariantGroup;
			children = (
				1E2BC78E2ABEEAD00071EC73 /* Base */,
			);
			name = LaunchScreen.storyboard;
			sourceTree = "<group>";
		};
/* End PBXVariantGroup section */

/* Begin XCBuildConfiguration section */
		1E2BC7A62ABEEAD00071EC73 /* Debug */ = {
			isa = XCBuildConfiguration;
			buildSettings = {
				ALWAYS_SEARCH_USER_PATHS = NO;
				CLANG_ANALYZER_NONNULL = YES;
				CLANG_ANALYZER_NUMBER_OBJECT_CONVERSION = YES_AGGRESSIVE;
				CLANG_CXX_LANGUAGE_STANDARD = "gnu++20";
				CLANG_ENABLE_MODULES = YES;
				CLANG_ENABLE_OBJC_ARC = YES;
				CLANG_ENABLE_OBJC_WEAK = YES;
				CLANG_WARN_BLOCK_CAPTURE_AUTORELEASING = YES;
				CLANG_WARN_BOOL_CONVERSION = YES;
				CLANG_WARN_COMMA = YES;
				CLANG_WARN_CONSTANT_CONVERSION = YES;
				CLANG_WARN_DEPRECATED_OBJC_IMPLEMENTATIONS = YES;
				CLANG_WARN_DIRECT_OBJC_ISA_USAGE = YES_ERROR;
				CLANG_WARN_DOCUMENTATION_COMMENTS = YES;
				CLANG_WARN_EMPTY_BODY = YES;
				CLANG_WARN_ENUM_CONVERSION = YES;
				CLANG_WARN_INFINITE_RECURSION = YES;
				CLANG_WARN_INT_CONVERSION = YES;
				CLANG_WARN_NON_LITERAL_NULL_CONVERSION = YES;
				CLANG_WARN_OBJC_IMPLICIT_RETAIN_SELF = YES;
				CLANG_WARN_OBJC_LITERAL_CONVERSION = YES;
				CLANG_WARN_OBJC_ROOT_CLASS = YES_ERROR;
				CLANG_WARN_QUOTED_INCLUDE_IN_FRAMEWORK_HEADER = YES;
				CLANG_WARN_RANGE_LOOP_ANALYSIS = YES;
				CLANG_WARN_STRICT_PROTOTYPES = YES;
				CLANG_WARN_SUSPICIOUS_MOVE = YES;
				CLANG_WARN_UNGUARDED_AVAILABILITY = YES_AGGRESSIVE;
				CLANG_WARN_UNREACHABLE_CODE = YES;
				CLANG_WARN__DUPLICATE_METHOD_MATCH = YES;
				COPY_PHASE_STRIP = NO;
				DEBUG_INFORMATION_FORMAT = dwarf;
				ENABLE_STRICT_OBJC_MSGSEND = YES;
				ENABLE_TESTABILITY = YES;
				GCC_C_LANGUAGE_STANDARD = gnu11;
				GCC_DYNAMIC_NO_PIC = NO;
				GCC_NO_COMMON_BLOCKS = YES;
				GCC_OPTIMIZATION_LEVEL = 0;
				GCC_PREPROCESSOR_DEFINITIONS = (
					"DEBUG=1",
					"$(inherited)",
				);
				GCC_WARN_64_TO_32_BIT_CONVERSION = YES;
				GCC_WARN_ABOUT_RETURN_TYPE = YES_ERROR;
				GCC_WARN_UNDECLARED_SELECTOR = YES;
				GCC_WARN_UNINITIALIZED_AUTOS = YES_AGGRESSIVE;
				GCC_WARN_UNUSED_FUNCTION = YES;
				GCC_WARN_UNUSED_VARIABLE = YES;
				IPHONEOS_DEPLOYMENT_TARGET = 16.4;
				MTL_ENABLE_DEBUG_INFO = INCLUDE_SOURCE;
				MTL_FAST_MATH = YES;
				ONLY_ACTIVE_ARCH = YES;
				SDKROOT = iphoneos;
				SWIFT_ACTIVE_COMPILATION_CONDITIONS = DEBUG;
				SWIFT_OPTIMIZATION_LEVEL = "-Onone";
			};
			name = Debug;
		};
		1E2BC7A72ABEEAD00071EC73 /* Release */ = {
			isa = XCBuildConfiguration;
			buildSettings = {
				ALWAYS_SEARCH_USER_PATHS = NO;
				CLANG_ANALYZER_NONNULL = YES;
				CLANG_ANALYZER_NUMBER_OBJECT_CONVERSION = YES_AGGRESSIVE;
				CLANG_CXX_LANGUAGE_STANDARD = "gnu++20";
				CLANG_ENABLE_MODULES = YES;
				CLANG_ENABLE_OBJC_ARC = YES;
				CLANG_ENABLE_OBJC_WEAK = YES;
				CLANG_WARN_BLOCK_CAPTURE_AUTORELEASING = YES;
				CLANG_WARN_BOOL_CONVERSION = YES;
				CLANG_WARN_COMMA = YES;
				CLANG_WARN_CONSTANT_CONVERSION = YES;
				CLANG_WARN_DEPRECATED_OBJC_IMPLEMENTATIONS = YES;
				CLANG_WARN_DIRECT_OBJC_ISA_USAGE = YES_ERROR;
				CLANG_WARN_DOCUMENTATION_COMMENTS = YES;
				CLANG_WARN_EMPTY_BODY = YES;
				CLANG_WARN_ENUM_CONVERSION = YES;
				CLANG_WARN_INFINITE_RECURSION = YES;
				CLANG_WARN_INT_CONVERSION = YES;
				CLANG_WARN_NON_LITERAL_NULL_CONVERSION = YES;
				CLANG_WARN_OBJC_IMPLICIT_RETAIN_SELF = YES;
				CLANG_WARN_OBJC_LITERAL_CONVERSION = YES;
				CLANG_WARN_OBJC_ROOT_CLASS = YES_ERROR;
				CLANG_WARN_QUOTED_INCLUDE_IN_FRAMEWORK_HEADER = YES;
				CLANG_WARN_RANGE_LOOP_ANALYSIS = YES;
				CLANG_WARN_STRICT_PROTOTYPES = YES;
				CLANG_WARN_SUSPICIOUS_MOVE = YES;
				CLANG_WARN_UNGUARDED_AVAILABILITY = YES_AGGRESSIVE;
				CLANG_WARN_UNREACHABLE_CODE = YES;
				CLANG_WARN__DUPLICATE_METHOD_MATCH = YES;
				COPY_PHASE_STRIP = NO;
				DEBUG_INFORMATION_FORMAT = "dwarf-with-dsym";
				ENABLE_NS_ASSERTIONS = NO;
				ENABLE_STRICT_OBJC_MSGSEND = YES;
				GCC_C_LANGUAGE_STANDARD = gnu11;
				GCC_NO_COMMON_BLOCKS = YES;
				GCC_WARN_64_TO_32_BIT_CONVERSION = YES;
				GCC_WARN_ABOUT_RETURN_TYPE = YES_ERROR;
				GCC_WARN_UNDECLARED_SELECTOR = YES;
				GCC_WARN_UNINITIALIZED_AUTOS = YES_AGGRESSIVE;
				GCC_WARN_UNUSED_FUNCTION = YES;
				GCC_WARN_UNUSED_VARIABLE = YES;
				IPHONEOS_DEPLOYMENT_TARGET = 16.4;
				MTL_ENABLE_DEBUG_INFO = NO;
				MTL_FAST_MATH = YES;
				SDKROOT = iphoneos;
				SWIFT_COMPILATION_MODE = wholemodule;
				SWIFT_OPTIMIZATION_LEVEL = "-O";
				VALIDATE_PRODUCT = YES;
			};
			name = Release;
		};
		1E2BC7A92ABEEAD00071EC73 /* Debug */ = {
			isa = XCBuildConfiguration;
			buildSettings = {
				ASSETCATALOG_COMPILER_APPICON_NAME = AppIcon;
				ASSETCATALOG_COMPILER_GLOBAL_ACCENT_COLOR_NAME = AccentColor;
				CODE_SIGN_STYLE = Automatic;
				CURRENT_PROJECT_VERSION = 1;
				DEVELOPMENT_TEAM = X798TJWGDW;
				GENERATE_INFOPLIST_FILE = YES;
				INFOPLIST_FILE = "transport-hack/Info.plist";
				INFOPLIST_KEY_NSCameraUsageDescription = "";
				INFOPLIST_KEY_UIApplicationSupportsIndirectInputEvents = YES;
				INFOPLIST_KEY_UILaunchStoryboardName = LaunchScreen;
				INFOPLIST_KEY_UIMainStoryboardFile = Main;
				INFOPLIST_KEY_UIRequiredDeviceCapabilities = arkit;
				INFOPLIST_KEY_UIStatusBarHidden = YES;
				INFOPLIST_KEY_UISupportedInterfaceOrientations_iPad = "UIInterfaceOrientationPortrait UIInterfaceOrientationPortraitUpsideDown UIInterfaceOrientationLandscapeLeft UIInterfaceOrientationLandscapeRight";
				INFOPLIST_KEY_UISupportedInterfaceOrientations_iPhone = "UIInterfaceOrientationPortrait UIInterfaceOrientationLandscapeLeft UIInterfaceOrientationLandscapeRight";
				LD_RUNPATH_SEARCH_PATHS = (
					"$(inherited)",
					"@executable_path/Frameworks",
				);
				MARKETING_VERSION = 1.0;
				PRODUCT_BUNDLE_IDENTIFIER = "alylin.transport-hacks";
				PRODUCT_NAME = "$(TARGET_NAME)";
				SWIFT_EMIT_LOC_STRINGS = YES;
				SWIFT_VERSION = 5.0;
				TARGETED_DEVICE_FAMILY = "1,2";
			};
			name = Debug;
		};
		1E2BC7AA2ABEEAD00071EC73 /* Release */ = {
			isa = XCBuildConfiguration;
			buildSettings = {
				ASSETCATALOG_COMPILER_APPICON_NAME = AppIcon;
				ASSETCATALOG_COMPILER_GLOBAL_ACCENT_COLOR_NAME = AccentColor;
				CODE_SIGN_STYLE = Automatic;
				CURRENT_PROJECT_VERSION = 1;
				DEVELOPMENT_TEAM = X798TJWGDW;
				GENERATE_INFOPLIST_FILE = YES;
				INFOPLIST_FILE = "transport-hack/Info.plist";
				INFOPLIST_KEY_NSCameraUsageDescription = "";
				INFOPLIST_KEY_UIApplicationSupportsIndirectInputEvents = YES;
				INFOPLIST_KEY_UILaunchStoryboardName = LaunchScreen;
				INFOPLIST_KEY_UIMainStoryboardFile = Main;
				INFOPLIST_KEY_UIRequiredDeviceCapabilities = arkit;
				INFOPLIST_KEY_UIStatusBarHidden = YES;
				INFOPLIST_KEY_UISupportedInterfaceOrientations_iPad = "UIInterfaceOrientationPortrait UIInterfaceOrientationPortraitUpsideDown UIInterfaceOrientationLandscapeLeft UIInterfaceOrientationLandscapeRight";
				INFOPLIST_KEY_UISupportedInterfaceOrientations_iPhone = "UIInterfaceOrientationPortrait UIInterfaceOrientationLandscapeLeft UIInterfaceOrientationLandscapeRight";
				LD_RUNPATH_SEARCH_PATHS = (
					"$(inherited)",
					"@executable_path/Frameworks",
				);
				MARKETING_VERSION = 1.0;
				PRODUCT_BUNDLE_IDENTIFIER = "alylin.transport-hacks";
				PRODUCT_NAME = "$(TARGET_NAME)";
				SWIFT_EMIT_LOC_STRINGS = YES;
				SWIFT_VERSION = 5.0;
				TARGETED_DEVICE_FAMILY = "1,2";
			};
			name = Release;
		};
		1E2BC7AC2ABEEAD00071EC73 /* Debug */ = {
			isa = XCBuildConfiguration;
			buildSettings = {
				ALWAYS_EMBED_SWIFT_STANDARD_LIBRARIES = YES;
				BUNDLE_LOADER = "$(TEST_HOST)";
				CODE_SIGN_STYLE = Automatic;
				CURRENT_PROJECT_VERSION = 1;
				DEVELOPMENT_TEAM = X798TJWGDW;
				GENERATE_INFOPLIST_FILE = YES;
				IPHONEOS_DEPLOYMENT_TARGET = 16.4;
				MARKETING_VERSION = 1.0;
				PRODUCT_BUNDLE_IDENTIFIER = "alylin.transport-hackTests";
				PRODUCT_NAME = "$(TARGET_NAME)";
				SWIFT_EMIT_LOC_STRINGS = NO;
				SWIFT_VERSION = 5.0;
				TARGETED_DEVICE_FAMILY = "1,2";
				TEST_HOST = "$(BUILT_PRODUCTS_DIR)/transport-hack.app/$(BUNDLE_EXECUTABLE_FOLDER_PATH)/transport-hack";
			};
			name = Debug;
		};
		1E2BC7AD2ABEEAD00071EC73 /* Release */ = {
			isa = XCBuildConfiguration;
			buildSettings = {
				ALWAYS_EMBED_SWIFT_STANDARD_LIBRARIES = YES;
				BUNDLE_LOADER = "$(TEST_HOST)";
				CODE_SIGN_STYLE = Automatic;
				CURRENT_PROJECT_VERSION = 1;
				DEVELOPMENT_TEAM = X798TJWGDW;
				GENERATE_INFOPLIST_FILE = YES;
				IPHONEOS_DEPLOYMENT_TARGET = 16.4;
				MARKETING_VERSION = 1.0;
				PRODUCT_BUNDLE_IDENTIFIER = "alylin.transport-hackTests";
				PRODUCT_NAME = "$(TARGET_NAME)";
				SWIFT_EMIT_LOC_STRINGS = NO;
				SWIFT_VERSION = 5.0;
				TARGETED_DEVICE_FAMILY = "1,2";
				TEST_HOST = "$(BUILT_PRODUCTS_DIR)/transport-hack.app/$(BUNDLE_EXECUTABLE_FOLDER_PATH)/transport-hack";
			};
			name = Release;
		};
		1E2BC7AF2ABEEAD00071EC73 /* Debug */ = {
			isa = XCBuildConfiguration;
			buildSettings = {
				ALWAYS_EMBED_SWIFT_STANDARD_LIBRARIES = YES;
				CODE_SIGN_STYLE = Automatic;
				CURRENT_PROJECT_VERSION = 1;
				DEVELOPMENT_TEAM = X798TJWGDW;
				GENERATE_INFOPLIST_FILE = YES;
				MARKETING_VERSION = 1.0;
				PRODUCT_BUNDLE_IDENTIFIER = "alylin.transport-hackUITests";
				PRODUCT_NAME = "$(TARGET_NAME)";
				SWIFT_EMIT_LOC_STRINGS = NO;
				SWIFT_VERSION = 5.0;
				TARGETED_DEVICE_FAMILY = "1,2";
				TEST_TARGET_NAME = "transport-hack";
			};
			name = Debug;
		};
		1E2BC7B02ABEEAD00071EC73 /* Release */ = {
			isa = XCBuildConfiguration;
			buildSettings = {
				ALWAYS_EMBED_SWIFT_STANDARD_LIBRARIES = YES;
				CODE_SIGN_STYLE = Automatic;
				CURRENT_PROJECT_VERSION = 1;
				DEVELOPMENT_TEAM = X798TJWGDW;
				GENERATE_INFOPLIST_FILE = YES;
				MARKETING_VERSION = 1.0;
				PRODUCT_BUNDLE_IDENTIFIER = "alylin.transport-hackUITests";
				PRODUCT_NAME = "$(TARGET_NAME)";
				SWIFT_EMIT_LOC_STRINGS = NO;
				SWIFT_VERSION = 5.0;
				TARGETED_DEVICE_FAMILY = "1,2";
				TEST_TARGET_NAME = "transport-hack";
			};
			name = Release;
		};
/* End XCBuildConfiguration section */

/* Begin XCConfigurationList section */
		1E2BC77A2ABEEACF0071EC73 /* Build configuration list for PBXProject "transport-hack" */ = {
			isa = XCConfigurationList;
			buildConfigurations = (
				1E2BC7A62ABEEAD00071EC73 /* Debug */,
				1E2BC7A72ABEEAD00071EC73 /* Release */,
			);
			defaultConfigurationIsVisible = 0;
			defaultConfigurationName = Release;
		};
		1E2BC7A82ABEEAD00071EC73 /* Build configuration list for PBXNativeTarget "transport-hack" */ = {
			isa = XCConfigurationList;
			buildConfigurations = (
				1E2BC7A92ABEEAD00071EC73 /* Debug */,
				1E2BC7AA2ABEEAD00071EC73 /* Release */,
			);
			defaultConfigurationIsVisible = 0;
			defaultConfigurationName = Release;
		};
		1E2BC7AB2ABEEAD00071EC73 /* Build configuration list for PBXNativeTarget "transport-hackTests" */ = {
			isa = XCConfigurationList;
			buildConfigurations = (
				1E2BC7AC2ABEEAD00071EC73 /* Debug */,
				1E2BC7AD2ABEEAD00071EC73 /* Release */,
			);
			defaultConfigurationIsVisible = 0;
			defaultConfigurationName = Release;
		};
		1E2BC7AE2ABEEAD00071EC73 /* Build configuration list for PBXNativeTarget "transport-hackUITests" */ = {
			isa = XCConfigurationList;
			buildConfigurations = (
				1E2BC7AF2ABEEAD00071EC73 /* Debug */,
				1E2BC7B02ABEEAD00071EC73 /* Release */,
			);
			defaultConfigurationIsVisible = 0;
			defaultConfigurationName = Release;
		};
/* End XCConfigurationList section */
	};
	rootObject = 1E2BC7772ABEEACF0071EC73 /* Project object */;
}
